<Solution>
  <Project Path="Auth.API/Auth.API.csproj" />
  <Project Path="Auth.UI/Auth.UI.csproj" />
  <Project Path="Shared.Core/Shared.Core.csproj" />
  <Project Path="Shared.Data/Shared.Data.csproj" />
  <Project Path="Shared.Database/Shared.Database.csproj" />
  <Project Path="Shared.UI/Shared.UI.csproj" />
  <Project Path="Shared.UI/Shared.UI.csproj" />
  <Project Path="Test.API/Test.API.csproj" />
  <Project Path="Test.UI/Test.UI.csproj" />
</Solution>
